
Microsoft Visual Studio Solution File, Format Version 12.00
# Visual Studio Version 17
VisualStudioVersion = 17.1.32228.430
MinimumVisualStudioVersion = 10.0.40219.1
Project("{9A19103F-16F7-4668-BE54-9A1E7A4F7556}") = "MinThd", "minThd\MinThd.csproj", "{878E7984-0AC9-4B58-99C1-700555B5E486}"
EndProject
Project("{FAE04EC0-301F-11D3-BF4B-00C04F79EFBC}") = "MinThd.UnitTests", "minThd.UnitTests\MinThd.UnitTests.csproj", "{BC93FEFF-995F-416D-B244-DBC52DF5DB44}"
EndProject
Global
	GlobalSection(SolutionConfigurationPlatforms) = preSolution
		Debug|Any CPU = Debug|Any CPU
		Release|Any CPU = Release|Any CPU
	EndGlobalSection
	GlobalSection(ProjectConfigurationPlatforms) = postSolution
		{878E7984-0AC9-4B58-99C1-700555B5E486}.Debug|Any CPU.ActiveCfg = Debug|Any CPU
		{878E7984-0AC9-4B58-99C1-700555B5E486}.Debug|Any CPU.Build.0 = Debug|Any CPU
		{878E7984-0AC9-4B58-99C1-700555B5E486}.Release|Any CPU.ActiveCfg = Release|Any CPU
		{878E7984-0AC9-4B58-99C1-700555B5E486}.Release|Any CPU.Build.0 = Release|Any CPU
		{BC93FEFF-995F-416D-B244-DBC52DF5DB44}.Debug|Any CPU.ActiveCfg = Debug|Any CPU
		{BC93FEFF-995F-416D-B244-DBC52DF5DB44}.Debug|Any CPU.Build.0 = Debug|Any CPU
		{BC93FEFF-995F-416D-B244-DBC52DF5DB44}.Release|Any CPU.ActiveCfg = Release|Any CPU
		{BC93FEFF-995F-416D-B244-DBC52DF5DB44}.Release|Any CPU.Build.0 = Release|Any CPU
	EndGlobalSection
	GlobalSection(SolutionProperties) = preSolution
		HideSolutionNode = FALSE
	EndGlobalSection
	GlobalSection(ExtensibilityGlobals) = postSolution
		SolutionGuid = {D9566E2D-0832-4214-A724-76B3CE128EF1}
	EndGlobalSection
EndGlobal
